{
  "name": "sKyDisBot",
  "lockfileVersion": 3,
  "requires": true,
  "packages": {
    "": {
      "name": "sKyDisBot",
      "dependencies": {
        "sodium": "skyc0w0r/node-sodium"
      }
    },
    "node_modules/node-addon-api": {
      "version": "8.2.1",
      "license": "MIT",
      "engines": {
        "node": "^18 || ^20 || >= 21"
      }
    },
    "node_modules/sodium": {
      "version": "3.0.2",
      "resolved": "git+ssh://git@github.com/skyc0w0r/node-sodium.git#079e2370d98d56c1d8d00a555ae19f4a367287df",
      "hasInstallScript": true,
      "license": "MIT",
      "dependencies": {
        "node-addon-api": "*"
      }
    }
  }
}
